
Microsoft Visual Studio Solution File, Format Version 12.00
# Visual Studio Version 17
VisualStudioVersion = 17.13.35931.197
MinimumVisualStudioVersion = 10.0.40219.1
Project("{FAE04EC0-301F-11D3-BF4B-00C04F79EFBC}") = "Domain", "Domain\Domain.csproj", "{56B4F1B1-761F-4BB3-A51F-73C555A90F77}"
EndProject
Project("{FAE04EC0-301F-11D3-BF4B-00C04F79EFBC}") = "Repository", "Repository\Repository.csproj", "{A6423657-8F3E-4875-8829-09D0C4FBA7DB}"
EndProject
Project("{FAE04EC0-301F-11D3-BF4B-00C04F79EFBC}") = "API", "API\API.csproj", "{BC2B704B-0F9B-44E8-9B46-A2A8687C960B}"
EndProject
Project("{FAE04EC0-301F-11D3-BF4B-00C04F79EFBC}") = "EmailService", "EmailService\EmailService.csproj", "{D6C91775-AA4E-4AE7-A75D-E1EEF004D437}"
EndProject
Project("{FAE04EC0-301F-11D3-BF4B-00C04F79EFBC}") = "HTMLEmail", "HTMLEmail\HTMLEmail.csproj", "{BD2D4690-2783-450F-919B-ED1743142867}"
EndProject
Project("{FAE04EC0-301F-11D3-BF4B-00C04F79EFBC}") = "PayOSService", "PayOSService\PayOSService.csproj", "{E164ED15-2533-4908-B39E-A23960873AB5}"
EndProject
Global
	GlobalSection(SolutionConfigurationPlatforms) = preSolution
		Debug|Any CPU = Debug|Any CPU
		Release|Any CPU = Release|Any CPU
	EndGlobalSection
	GlobalSection(ProjectConfigurationPlatforms) = postSolution
		{56B4F1B1-761F-4BB3-A51F-73C555A90F77}.Debug|Any CPU.ActiveCfg = Debug|Any CPU
		{56B4F1B1-761F-4BB3-A51F-73C555A90F77}.Debug|Any CPU.Build.0 = Debug|Any CPU
		{56B4F1B1-761F-4BB3-A51F-73C555A90F77}.Release|Any CPU.ActiveCfg = Release|Any CPU
		{56B4F1B1-761F-4BB3-A51F-73C555A90F77}.Release|Any CPU.Build.0 = Release|Any CPU
		{A6423657-8F3E-4875-8829-09D0C4FBA7DB}.Debug|Any CPU.ActiveCfg = Debug|Any CPU
		{A6423657-8F3E-4875-8829-09D0C4FBA7DB}.Debug|Any CPU.Build.0 = Debug|Any CPU
		{A6423657-8F3E-4875-8829-09D0C4FBA7DB}.Release|Any CPU.ActiveCfg = Release|Any CPU
		{A6423657-8F3E-4875-8829-09D0C4FBA7DB}.Release|Any CPU.Build.0 = Release|Any CPU
		{BC2B704B-0F9B-44E8-9B46-A2A8687C960B}.Debug|Any CPU.ActiveCfg = Debug|Any CPU
		{BC2B704B-0F9B-44E8-9B46-A2A8687C960B}.Debug|Any CPU.Build.0 = Debug|Any CPU
		{BC2B704B-0F9B-44E8-9B46-A2A8687C960B}.Release|Any CPU.ActiveCfg = Release|Any CPU
		{BC2B704B-0F9B-44E8-9B46-A2A8687C960B}.Release|Any CPU.Build.0 = Release|Any CPU
		{D6C91775-AA4E-4AE7-A75D-E1EEF004D437}.Debug|Any CPU.ActiveCfg = Debug|Any CPU
		{D6C91775-AA4E-4AE7-A75D-E1EEF004D437}.Debug|Any CPU.Build.0 = Debug|Any CPU
		{D6C91775-AA4E-4AE7-A75D-E1EEF004D437}.Release|Any CPU.ActiveCfg = Release|Any CPU
		{D6C91775-AA4E-4AE7-A75D-E1EEF004D437}.Release|Any CPU.Build.0 = Release|Any CPU
		{BD2D4690-2783-450F-919B-ED1743142867}.Debug|Any CPU.ActiveCfg = Debug|Any CPU
		{BD2D4690-2783-450F-919B-ED1743142867}.Debug|Any CPU.Build.0 = Debug|Any CPU
		{BD2D4690-2783-450F-919B-ED1743142867}.Release|Any CPU.ActiveCfg = Release|Any CPU
		{BD2D4690-2783-450F-919B-ED1743142867}.Release|Any CPU.Build.0 = Release|Any CPU
		{E164ED15-2533-4908-B39E-A23960873AB5}.Debug|Any CPU.ActiveCfg = Debug|Any CPU
		{E164ED15-2533-4908-B39E-A23960873AB5}.Debug|Any CPU.Build.0 = Debug|Any CPU
		{E164ED15-2533-4908-B39E-A23960873AB5}.Release|Any CPU.ActiveCfg = Release|Any CPU
		{E164ED15-2533-4908-B39E-A23960873AB5}.Release|Any CPU.Build.0 = Release|Any CPU
	EndGlobalSection
	GlobalSection(SolutionProperties) = preSolution
		HideSolutionNode = FALSE
	EndGlobalSection
	GlobalSection(ExtensibilityGlobals) = postSolution
		SolutionGuid = {C9416200-57A6-4D5A-9DEF-4E4F0F31623F}
	EndGlobalSection
EndGlobal
